
Microsoft Visual Studio Solution File, Format Version 12.00
# Visual Studio Version 17
VisualStudioVersion = 17.9.34622.214
MinimumVisualStudioVersion = 10.0.40219.1
Project("{9A19103F-16F7-4668-BE54-9A1E7A4F7556}") = "Institute_API", "Institute_API\Institute_API.csproj", "{883B77CD-97A9-4118-8668-8995391E058F}"
EndProject
Project("{9A19103F-16F7-4668-BE54-9A1E7A4F7556}") = "Student_API", "Student_API\Student_API.csproj", "{1AB39666-64A8-4792-BF1F-6C2E59F61E8A}"
EndProject
Project("{9A19103F-16F7-4668-BE54-9A1E7A4F7556}") = "Employee_API", "Employee_API\Employee_API.csproj", "{69CAE27B-6BAF-41CC-B0D4-0C11F4392237}"
EndProject
Project("{9A19103F-16F7-4668-BE54-9A1E7A4F7556}") = "Attendance_API", "Attendance_API\Attendance_API.csproj", "{0FB2E622-316E-4B76-9DCA-DB8424BFA1F4}"
EndProject
Project("{9A19103F-16F7-4668-BE54-9A1E7A4F7556}") = "Transport_API", "Transport_API\Transport_API.csproj", "{782F55EE-2013-405B-B7F7-7872CA0FC399}"
EndProject
Project("{9A19103F-16F7-4668-BE54-9A1E7A4F7556}") = "Communication_API", "Communication_API\Communication_API.csproj", "{F9D63A7D-0E8C-4247-8567-9B3EB5ECCB21}"
EndProject
Project("{9A19103F-16F7-4668-BE54-9A1E7A4F7556}") = "Admission_API", "Admission_API\Admission_API.csproj", "{51B5F82F-B20B-4C1F-BAEA-0DE5F4F79602}"
EndProject
Project("{9A19103F-16F7-4668-BE54-9A1E7A4F7556}") = "VisitorManagement_API", "VisitorManagement_API\VisitorManagement_API.csproj", "{5E043128-1E4E-42E0-BDD5-365D0EAAF5B8}"
EndProject
Project("{FAE04EC0-301F-11D3-BF4B-00C04F79EFBC}") = "LibraryManagement_API", "LibraryManagement_API\LibraryManagement_API.csproj", "{0CE60279-7F13-4FEA-A83D-75E0B1CB9C97}"
EndProject
Global
	GlobalSection(SolutionConfigurationPlatforms) = preSolution
		Debug|Any CPU = Debug|Any CPU
		Release|Any CPU = Release|Any CPU
	EndGlobalSection
	GlobalSection(ProjectConfigurationPlatforms) = postSolution
		{883B77CD-97A9-4118-8668-8995391E058F}.Debug|Any CPU.ActiveCfg = Debug|Any CPU
		{883B77CD-97A9-4118-8668-8995391E058F}.Debug|Any CPU.Build.0 = Debug|Any CPU
		{883B77CD-97A9-4118-8668-8995391E058F}.Release|Any CPU.ActiveCfg = Release|Any CPU
		{883B77CD-97A9-4118-8668-8995391E058F}.Release|Any CPU.Build.0 = Release|Any CPU
		{1AB39666-64A8-4792-BF1F-6C2E59F61E8A}.Debug|Any CPU.ActiveCfg = Debug|Any CPU
		{1AB39666-64A8-4792-BF1F-6C2E59F61E8A}.Debug|Any CPU.Build.0 = Debug|Any CPU
		{1AB39666-64A8-4792-BF1F-6C2E59F61E8A}.Release|Any CPU.ActiveCfg = Release|Any CPU
		{1AB39666-64A8-4792-BF1F-6C2E59F61E8A}.Release|Any CPU.Build.0 = Release|Any CPU
		{69CAE27B-6BAF-41CC-B0D4-0C11F4392237}.Debug|Any CPU.ActiveCfg = Debug|Any CPU
		{69CAE27B-6BAF-41CC-B0D4-0C11F4392237}.Debug|Any CPU.Build.0 = Debug|Any CPU
		{69CAE27B-6BAF-41CC-B0D4-0C11F4392237}.Release|Any CPU.ActiveCfg = Release|Any CPU
		{69CAE27B-6BAF-41CC-B0D4-0C11F4392237}.Release|Any CPU.Build.0 = Release|Any CPU
		{0FB2E622-316E-4B76-9DCA-DB8424BFA1F4}.Debug|Any CPU.ActiveCfg = Debug|Any CPU
		{0FB2E622-316E-4B76-9DCA-DB8424BFA1F4}.Debug|Any CPU.Build.0 = Debug|Any CPU
		{0FB2E622-316E-4B76-9DCA-DB8424BFA1F4}.Release|Any CPU.ActiveCfg = Release|Any CPU
		{0FB2E622-316E-4B76-9DCA-DB8424BFA1F4}.Release|Any CPU.Build.0 = Release|Any CPU
		{782F55EE-2013-405B-B7F7-7872CA0FC399}.Debug|Any CPU.ActiveCfg = Debug|Any CPU
		{782F55EE-2013-405B-B7F7-7872CA0FC399}.Debug|Any CPU.Build.0 = Debug|Any CPU
		{782F55EE-2013-405B-B7F7-7872CA0FC399}.Release|Any CPU.ActiveCfg = Release|Any CPU
		{782F55EE-2013-405B-B7F7-7872CA0FC399}.Release|Any CPU.Build.0 = Release|Any CPU
		{F9D63A7D-0E8C-4247-8567-9B3EB5ECCB21}.Debug|Any CPU.ActiveCfg = Debug|Any CPU
		{F9D63A7D-0E8C-4247-8567-9B3EB5ECCB21}.Debug|Any CPU.Build.0 = Debug|Any CPU
		{F9D63A7D-0E8C-4247-8567-9B3EB5ECCB21}.Release|Any CPU.ActiveCfg = Release|Any CPU
		{F9D63A7D-0E8C-4247-8567-9B3EB5ECCB21}.Release|Any CPU.Build.0 = Release|Any CPU
		{51B5F82F-B20B-4C1F-BAEA-0DE5F4F79602}.Debug|Any CPU.ActiveCfg = Debug|Any CPU
		{51B5F82F-B20B-4C1F-BAEA-0DE5F4F79602}.Debug|Any CPU.Build.0 = Debug|Any CPU
		{51B5F82F-B20B-4C1F-BAEA-0DE5F4F79602}.Release|Any CPU.ActiveCfg = Release|Any CPU
		{51B5F82F-B20B-4C1F-BAEA-0DE5F4F79602}.Release|Any CPU.Build.0 = Release|Any CPU
		{5E043128-1E4E-42E0-BDD5-365D0EAAF5B8}.Debug|Any CPU.ActiveCfg = Debug|Any CPU
		{5E043128-1E4E-42E0-BDD5-365D0EAAF5B8}.Debug|Any CPU.Build.0 = Debug|Any CPU
		{5E043128-1E4E-42E0-BDD5-365D0EAAF5B8}.Release|Any CPU.ActiveCfg = Release|Any CPU
		{5E043128-1E4E-42E0-BDD5-365D0EAAF5B8}.Release|Any CPU.Build.0 = Release|Any CPU
		{0CE60279-7F13-4FEA-A83D-75E0B1CB9C97}.Debug|Any CPU.ActiveCfg = Debug|Any CPU
		{0CE60279-7F13-4FEA-A83D-75E0B1CB9C97}.Debug|Any CPU.Build.0 = Debug|Any CPU
		{0CE60279-7F13-4FEA-A83D-75E0B1CB9C97}.Release|Any CPU.ActiveCfg = Release|Any CPU
		{0CE60279-7F13-4FEA-A83D-75E0B1CB9C97}.Release|Any CPU.Build.0 = Release|Any CPU
	EndGlobalSection
	GlobalSection(SolutionProperties) = preSolution
		HideSolutionNode = FALSE
	EndGlobalSection
	GlobalSection(ExtensibilityGlobals) = postSolution
		SolutionGuid = {94F4A691-4E78-4386-8676-9FBD6BFC50C9}
	EndGlobalSection
EndGlobal
